// !$*UTF8*$!
{
	archiveVersion = 1;
	classes = {
	};
	objectVersion = 77;
	objects = {

/* Begin PBXBuildFile section */
		2F4718682F5569C90013F94D /* DeviceActivity.framework in Frameworks */ = {isa = PBXBuildFile; fileRef = 2F4718672F5569C90013F94D /* DeviceActivity.framework */; };
		2F4718702F5569C90013F94D /* NormalMonitor.appex in Embed Foundation Extensions */ = {isa = PBXBuildFile; fileRef = 2F4718652F5569C90013F94D /* NormalMonitor.appex */; settings = {ATTRIBUTES = (RemoveHeadersOnCopy, ); }; };
/* End PBXBuildFile section */

/* Begin PBXContainerItemProxy section */
		2F47186E2F5569C90013F94D /* PBXContainerItemProxy */ = {
			isa = PBXContainerItemProxy;
			containerPortal = 2F58EFE02EC9C5DE00A38180 /* Project object */;
			proxyType = 1;
			remoteGlobalIDString = 2F4718642F5569C90013F94D;
			remoteInfo = BlockMonitor;
		};
		2F58EFF62EC9C5DF00A38180 /* PBXContainerItemProxy */ = {
			isa = PBXContainerItemProxy;
			containerPortal = 2F58EFE02EC9C5DE00A38180 /* Project object */;
			proxyType = 1;
			remoteGlobalIDString = 2F58EFE72EC9C5DE00A38180;
			remoteInfo = Block;
		};
		2F58F0002EC9C5DF00A38180 /* PBXContainerItemProxy */ = {
			isa = PBXContainerItemProxy;
			containerPortal = 2F58EFE02EC9C5DE00A38180 /* Project object */;
			proxyType = 1;
			remoteGlobalIDString = 2F58EFE72EC9C5DE00A38180;
			remoteInfo = Block;
		};
/* End PBXContainerItemProxy section */

/* Begin PBXCopyFilesBuildPhase section */
		2F4718712F5569C90013F94D /* Embed Foundation Extensions */ = {
			isa = PBXCopyFilesBuildPhase;
			buildActionMask = 2147483647;
			dstPath = "";
			dstSubfolderSpec = 13;
			files = (
				2F4718702F5569C90013F94D /* NormalMonitor.appex in Embed Foundation Extensions */,
			);
			name = "Embed Foundation Extensions";
			runOnlyForDeploymentPostprocessing = 0;
		};
/* End PBXCopyFilesBuildPhase section */

/* Begin PBXFileReference section */
		2F4718652F5569C90013F94D /* NormalMonitor.appex */ = {isa = PBXFileReference; explicitFileType = "wrapper.app-extension"; includeInIndex = 0; path = NormalMonitor.appex; sourceTree = BUILT_PRODUCTS_DIR; };
		2F4718672F5569C90013F94D /* DeviceActivity.framework */ = {isa = PBXFileReference; lastKnownFileType = wrapper.framework; name = DeviceActivity.framework; path = System/Library/Frameworks/DeviceActivity.framework; sourceTree = SDKROOT; };
		2F58EFE82EC9C5DE00A38180 /* Normal.app */ = {isa = PBXFileReference; explicitFileType = wrapper.application; includeInIndex = 0; path = Normal.app; sourceTree = BUILT_PRODUCTS_DIR; };
		2F58EFF52EC9C5DF00A38180 /* NormalTests.xctest */ = {isa = PBXFileReference; explicitFileType = wrapper.cfbundle; includeInIndex = 0; path = NormalTests.xctest; sourceTree = BUILT_PRODUCTS_DIR; };
		2F58EFFF2EC9C5DF00A38180 /* NormalUITests.xctest */ = {isa = PBXFileReference; explicitFileType = wrapper.cfbundle; includeInIndex = 0; path = NormalUITests.xctest; sourceTree = BUILT_PRODUCTS_DIR; };
/* End PBXFileReference section */

/* Begin PBXFileSystemSynchronizedBuildFileExceptionSet section */
		2F4301ED2ECBBAA7001FBF91 /* Exceptions for "BlockUITests" folder in "Normal" target */ = {
			isa = PBXFileSystemSynchronizedBuildFileExceptionSet;
			membershipExceptions = (
				BlockUITests.swift,
				BlockUITestsLaunchTests.swift,
			);
			target = 2F58EFE72EC9C5DE00A38180 /* Normal */;
		};
		2F4301EE2ECBBAA7001FBF91 /* Exceptions for "BlockUITests" folder in "NormalUITests" target */ = {
			isa = PBXFileSystemSynchronizedBuildFileExceptionSet;
			membershipExceptions = (
				BlockUITests.swift,
				BlockUITestsLaunchTests.swift,
			);
			target = 2F58EFFE2EC9C5DF00A38180 /* NormalUITests */;
		};
		2F4301EF2ECBBAA7001FBF91 /* Exceptions for "BlockTests" folder in "NormalTests" target */ = {
			isa = PBXFileSystemSynchronizedBuildFileExceptionSet;
			membershipExceptions = (
				BlockTests.swift,
			);
			target = 2F58EFF42EC9C5DF00A38180 /* NormalTests */;
		};
		2F4718A12F556F340013F94D /* Exceptions for "Shared" folder in "NormalMonitor" target */ = {
			isa = PBXFileSystemSynchronizedBuildFileExceptionSet;
			membershipExceptions = (
				DataExtension.swift,
				SharedConstants.swift,
				SharedDTO.swift,
				SharedStore.swift,
			);
			target = 2F4718642F5569C90013F94D /* NormalMonitor */;
		};
		2F4719232F57A53A0013F94D /* Exceptions for "NormalMonitor" folder in "NormalMonitor" target */ = {
			isa = PBXFileSystemSynchronizedBuildFileExceptionSet;
			membershipExceptions = (
				Info.plist,
			);
			target = 2F4718642F5569C90013F94D /* NormalMonitor */;
		};
		2F4719242F57A53F0013F94D /* Exceptions for "Normal" folder in "Normal" target */ = {
			isa = PBXFileSystemSynchronizedBuildFileExceptionSet;
			membershipExceptions = (
				Info.plist,
			);
			target = 2F58EFE72EC9C5DE00A38180 /* Normal */;
		};
/* End PBXFileSystemSynchronizedBuildFileExceptionSet section */

/* Begin PBXFileSystemSynchronizedRootGroup section */
		2F4301E62ECBBAA7001FBF91 /* BlockTests */ = {
			isa = PBXFileSystemSynchronizedRootGroup;
			exceptions = (
				2F4301EF2ECBBAA7001FBF91 /* Exceptions for "BlockTests" folder in "NormalTests" target */,
			);
			path = BlockTests;
			sourceTree = "<group>";
		};
		2F4301E92ECBBAA7001FBF91 /* BlockUITests */ = {
			isa = PBXFileSystemSynchronizedRootGroup;
			exceptions = (
				2F4301ED2ECBBAA7001FBF91 /* Exceptions for "BlockUITests" folder in "Normal" target */,
				2F4301EE2ECBBAA7001FBF91 /* Exceptions for "BlockUITests" folder in "NormalUITests" target */,
			);
			path = BlockUITests;
			sourceTree = "<group>";
		};
		2F4718692F5569C90013F94D /* NormalMonitor */ = {
			isa = PBXFileSystemSynchronizedRootGroup;
			exceptions = (
				2F4719232F57A53A0013F94D /* Exceptions for "NormalMonitor" folder in "NormalMonitor" target */,
			);
			path = NormalMonitor;
			sourceTree = "<group>";
		};
		2F47187A2F556B950013F94D /* Shared */ = {
			isa = PBXFileSystemSynchronizedRootGroup;
			exceptions = (
				2F4718A12F556F340013F94D /* Exceptions for "Shared" folder in "NormalMonitor" target */,
			);
			path = Shared;
			sourceTree = "<group>";
		};
		2F58EFEA2EC9C5DE00A38180 /* Normal */ = {
			isa = PBXFileSystemSynchronizedRootGroup;
			exceptions = (
				2F4719242F57A53F0013F94D /* Exceptions for "Normal" folder in "Normal" target */,
			);
			path = Normal;
			sourceTree = "<group>";
		};
/* End PBXFileSystemSynchronizedRootGroup section */

/* Begin PBXFrameworksBuildPhase section */
		2F4718622F5569C90013F94D /* Frameworks */ = {
			isa = PBXFrameworksBuildPhase;
			buildActionMask = 2147483647;
			files = (
				2F4718682F5569C90013F94D /* DeviceActivity.framework in Frameworks */,
			);
			runOnlyForDeploymentPostprocessing = 0;
		};
		2F58EFE52EC9C5DE00A38180 /* Frameworks */ = {
			isa = PBXFrameworksBuildPhase;
			buildActionMask = 2147483647;
			files = (
			);
			runOnlyForDeploymentPostprocessing = 0;
		};
		2F58EFF22EC9C5DF00A38180 /* Frameworks */ = {
			isa = PBXFrameworksBuildPhase;
			buildActionMask = 2147483647;
			files = (
			);
			runOnlyForDeploymentPostprocessing = 0;
		};
		2F58EFFC2EC9C5DF00A38180 /* Frameworks */ = {
			isa = PBXFrameworksBuildPhase;
			buildActionMask = 2147483647;
			files = (
			);
			runOnlyForDeploymentPostprocessing = 0;
		};
/* End PBXFrameworksBuildPhase section */

/* Begin PBXGroup section */
		2F4718662F5569C90013F94D /* Frameworks */ = {
			isa = PBXGroup;
			children = (
				2F4718672F5569C90013F94D /* DeviceActivity.framework */,
			);
			name = Frameworks;
			sourceTree = "<group>";
		};
		2F58EFDF2EC9C5DE00A38180 = {
			isa = PBXGroup;
			children = (
				2F47187A2F556B950013F94D /* Shared */,
				2F58EFEA2EC9C5DE00A38180 /* Normal */,
				2F4718692F5569C90013F94D /* NormalMonitor */,
				2F4718662F5569C90013F94D /* Frameworks */,
				2F58EFE92EC9C5DE00A38180 /* Products */,
				2F4301E62ECBBAA7001FBF91 /* BlockTests */,
				2F4301E92ECBBAA7001FBF91 /* BlockUITests */,
			);
			sourceTree = "<group>";
		};
		2F58EFE92EC9C5DE00A38180 /* Products */ = {
			isa = PBXGroup;
			children = (
				2F58EFE82EC9C5DE00A38180 /* Normal.app */,
				2F58EFF52EC9C5DF00A38180 /* NormalTests.xctest */,
				2F58EFFF2EC9C5DF00A38180 /* NormalUITests.xctest */,
				2F4718652F5569C90013F94D /* NormalMonitor.appex */,
			);
			name = Products;
			sourceTree = "<group>";
		};
/* End PBXGroup section */

/* Begin PBXNativeTarget section */
		2F4718642F5569C90013F94D /* NormalMonitor */ = {
			isa = PBXNativeTarget;
			buildConfigurationList = 2F4718742F5569C90013F94D /* Build configuration list for PBXNativeTarget "NormalMonitor" */;
			buildPhases = (
				2F4718612F5569C90013F94D /* Sources */,
				2F4718622F5569C90013F94D /* Frameworks */,
				2F4718632F5569C90013F94D /* Resources */,
			);
			buildRules = (
			);
			dependencies = (
			);
			fileSystemSynchronizedGroups = (
				2F4718692F5569C90013F94D /* NormalMonitor */,
			);
			name = NormalMonitor;
			packageProductDependencies = (
			);
			productName = BlockMonitor;
			productReference = 2F4718652F5569C90013F94D /* NormalMonitor.appex */;
			productType = "com.apple.product-type.app-extension";
		};
		2F58EFE72EC9C5DE00A38180 /* Normal */ = {
			isa = PBXNativeTarget;
			buildConfigurationList = 2F58F0092EC9C5DF00A38180 /* Build configuration list for PBXNativeTarget "Normal" */;
			buildPhases = (
				2F58EFE42EC9C5DE00A38180 /* Sources */,
				2F58EFE52EC9C5DE00A38180 /* Frameworks */,
				2F58EFE62EC9C5DE00A38180 /* Resources */,
				2F4718712F5569C90013F94D /* Embed Foundation Extensions */,
			);
			buildRules = (
			);
			dependencies = (
				2F47186F2F5569C90013F94D /* PBXTargetDependency */,
			);
			fileSystemSynchronizedGroups = (
				2F4301E92ECBBAA7001FBF91 /* BlockUITests */,
				2F47187A2F556B950013F94D /* Shared */,
				2F58EFEA2EC9C5DE00A38180 /* Normal */,
			);
			name = Normal;
			packageProductDependencies = (
			);
			productName = Block;
			productReference = 2F58EFE82EC9C5DE00A38180 /* Normal.app */;
			productType = "com.apple.product-type.application";
		};
		2F58EFF42EC9C5DF00A38180 /* NormalTests */ = {
			isa = PBXNativeTarget;
			buildConfigurationList = 2F58F00C2EC9C5DF00A38180 /* Build configuration list for PBXNativeTarget "NormalTests" */;
			buildPhases = (
				2F58EFF12EC9C5DF00A38180 /* Sources */,
				2F58EFF22EC9C5DF00A38180 /* Frameworks */,
				2F58EFF32EC9C5DF00A38180 /* Resources */,
			);
			buildRules = (
			);
			dependencies = (
				2F58EFF72EC9C5DF00A38180 /* PBXTargetDependency */,
			);
			name = NormalTests;
			packageProductDependencies = (
			);
			productName = BlockTests;
			productReference = 2F58EFF52EC9C5DF00A38180 /* NormalTests.xctest */;
			productType = "com.apple.product-type.bundle.unit-test";
		};
		2F58EFFE2EC9C5DF00A38180 /* NormalUITests */ = {
			isa = PBXNativeTarget;
			buildConfigurationList = 2F58F00F2EC9C5DF00A38180 /* Build configuration list for PBXNativeTarget "NormalUITests" */;
			buildPhases = (
				2F58EFFB2EC9C5DF00A38180 /* Sources */,
				2F58EFFC2EC9C5DF00A38180 /* Frameworks */,
				2F58EFFD2EC9C5DF00A38180 /* Resources */,
			);
			buildRules = (
			);
			dependencies = (
				2F58F0012EC9C5DF00A38180 /* PBXTargetDependency */,
			);
			name = NormalUITests;
			packageProductDependencies = (
			);
			productName = BlockUITests;
			productReference = 2F58EFFF2EC9C5DF00A38180 /* NormalUITests.xctest */;
			productType = "com.apple.product-type.bundle.ui-testing";
		};
/* End PBXNativeTarget section */

/* Begin PBXProject section */
		2F58EFE02EC9C5DE00A38180 /* Project object */ = {
			isa = PBXProject;
			attributes = {
				BuildIndependentTargetsInParallel = 1;
				LastSwiftUpdateCheck = 2620;
				LastUpgradeCheck = 2600;
				TargetAttributes = {
					2F4718642F5569C90013F94D = {
						CreatedOnToolsVersion = 26.2;
					};
					2F58EFE72EC9C5DE00A38180 = {
						CreatedOnToolsVersion = 26.0.1;
					};
					2F58EFF42EC9C5DF00A38180 = {
						CreatedOnToolsVersion = 26.0.1;
						TestTargetID = 2F58EFE72EC9C5DE00A38180;
					};
					2F58EFFE2EC9C5DF00A38180 = {
						CreatedOnToolsVersion = 26.0.1;
						TestTargetID = 2F58EFE72EC9C5DE00A38180;
					};
				};
			};
			buildConfigurationList = 2F58EFE32EC9C5DE00A38180 /* Build configuration list for PBXProject "Normal" */;
			developmentRegion = en;
			hasScannedForEncodings = 0;
			knownRegions = (
				en,
				Base,
			);
			mainGroup = 2F58EFDF2EC9C5DE00A38180;
			minimizedProjectReferenceProxies = 1;
			preferredProjectObjectVersion = 77;
			productRefGroup = 2F58EFE92EC9C5DE00A38180 /* Products */;
			projectDirPath = "";
			projectRoot = "";
			targets = (
				2F58EFE72EC9C5DE00A38180 /* Normal */,
				2F58EFF42EC9C5DF00A38180 /* NormalTests */,
				2F58EFFE2EC9C5DF00A38180 /* NormalUITests */,
				2F4718642F5569C90013F94D /* NormalMonitor */,
			);
		};
/* End PBXProject section */

/* Begin PBXResourcesBuildPhase section */
		2F4718632F5569C90013F94D /* Resources */ = {
			isa = PBXResourcesBuildPhase;
			buildActionMask = 2147483647;
			files = (
			);
			runOnlyForDeploymentPostprocessing = 0;
		};
		2F58EFE62EC9C5DE00A38180 /* Resources */ = {
			isa = PBXResourcesBuildPhase;
			buildActionMask = 2147483647;
			files = (
			);
			runOnlyForDeploymentPostprocessing = 0;
		};
		2F58EFF32EC9C5DF00A38180 /* Resources */ = {
			isa = PBXResourcesBuildPhase;
			buildActionMask = 2147483647;
			files = (
			);
			runOnlyForDeploymentPostprocessing = 0;
		};
		2F58EFFD2EC9C5DF00A38180 /* Resources */ = {
			isa = PBXResourcesBuildPhase;
			buildActionMask = 2147483647;
			files = (
			);
			runOnlyForDeploymentPostprocessing = 0;
		};
/* End PBXResourcesBuildPhase section */

/* Begin PBXSourcesBuildPhase section */
		2F4718612F5569C90013F94D /* Sources */ = {
			isa = PBXSourcesBuildPhase;
			buildActionMask = 2147483647;
			files = (
			);
			runOnlyForDeploymentPostprocessing = 0;
		};
		2F58EFE42EC9C5DE00A38180 /* Sources */ = {
			isa = PBXSourcesBuildPhase;
			buildActionMask = 2147483647;
			files = (
			);
			runOnlyForDeploymentPostprocessing = 0;
		};
		2F58EFF12EC9C5DF00A38180 /* Sources */ = {
			isa = PBXSourcesBuildPhase;
			buildActionMask = 2147483647;
			files = (
			);
			runOnlyForDeploymentPostprocessing = 0;
		};
		2F58EFFB2EC9C5DF00A38180 /* Sources */ = {
			isa = PBXSourcesBuildPhase;
			buildActionMask = 2147483647;
			files = (
			);
			runOnlyForDeploymentPostprocessing = 0;
		};
/* End PBXSourcesBuildPhase section */

/* Begin PBXTargetDependency section */
		2F47186F2F5569C90013F94D /* PBXTargetDependency */ = {
			isa = PBXTargetDependency;
			target = 2F4718642F5569C90013F94D /* NormalMonitor */;
			targetProxy = 2F47186E2F5569C90013F94D /* PBXContainerItemProxy */;
		};
		2F58EFF72EC9C5DF00A38180 /* PBXTargetDependency */ = {
			isa = PBXTargetDependency;
			target = 2F58EFE72EC9C5DE00A38180 /* Normal */;
			targetProxy = 2F58EFF62EC9C5DF00A38180 /* PBXContainerItemProxy */;
		};
		2F58F0012EC9C5DF00A38180 /* PBXTargetDependency */ = {
			isa = PBXTargetDependency;
			target = 2F58EFE72EC9C5DE00A38180 /* Normal */;
			targetProxy = 2F58F0002EC9C5DF00A38180 /* PBXContainerItemProxy */;
		};
/* End PBXTargetDependency section */

/* Begin XCBuildConfiguration section */
		2F4718722F5569C90013F94D /* Debug */ = {
			isa = XCBuildConfiguration;
			buildSettings = {
				CODE_SIGN_ENTITLEMENTS = BlockMonitor/BlockMonitor.entitlements;
				CODE_SIGN_STYLE = Automatic;
				CURRENT_PROJECT_VERSION = 1;
				DEVELOPMENT_TEAM = 8FNVWC4DBU;
				GENERATE_INFOPLIST_FILE = YES;
				INFOPLIST_FILE = BlockMonitor/Info.plist;
				INFOPLIST_KEY_CFBundleDisplayName = BlockMonitor;
				INFOPLIST_KEY_NSHumanReadableCopyright = "";
				IPHONEOS_DEPLOYMENT_TARGET = 26.2;
				LD_RUNPATH_SEARCH_PATHS = (
					"$(inherited)",
					"@executable_path/Frameworks",
					"@executable_path/../../Frameworks",
				);
				MARKETING_VERSION = 1.0;
				PRODUCT_BUNDLE_IDENTIFIER = org.normalengineering.Block.BlockMonitor;
				PRODUCT_NAME = "$(TARGET_NAME)";
				SKIP_INSTALL = YES;
				STRING_CATALOG_GENERATE_SYMBOLS = YES;
				SWIFT_APPROACHABLE_CONCURRENCY = YES;
				SWIFT_EMIT_LOC_STRINGS = YES;
				SWIFT_UPCOMING_FEATURE_MEMBER_IMPORT_VISIBILITY = YES;
				SWIFT_VERSION = 5.0;
				TARGETED_DEVICE_FAMILY = "1,2";
			};
			name = Debug;
		};
		2F4718732F5569C90013F94D /* Release */ = {
			isa = XCBuildConfiguration;
			buildSettings = {
				CODE_SIGN_ENTITLEMENTS = BlockMonitor/BlockMonitor.entitlements;
				CODE_SIGN_STYLE = Automatic;
				CURRENT_PROJECT_VERSION = 1;
				DEVELOPMENT_TEAM = 8FNVWC4DBU;
				GENERATE_INFOPLIST_FILE = YES;
				INFOPLIST_FILE = BlockMonitor/Info.plist;
				INFOPLIST_KEY_CFBundleDisplayName = BlockMonitor;
				INFOPLIST_KEY_NSHumanReadableCopyright = "";
				IPHONEOS_DEPLOYMENT_TARGET = 26.2;
				LD_RUNPATH_SEARCH_PATHS = (
					"$(inherited)",
					"@executable_path/Frameworks",
					"@executable_path/../../Frameworks",
				);
				MARKETING_VERSION = 1.0;
				PRODUCT_BUNDLE_IDENTIFIER = org.normalengineering.Block.BlockMonitor;
				PRODUCT_NAME = "$(TARGET_NAME)";
				SKIP_INSTALL = YES;
				STRING_CATALOG_GENERATE_SYMBOLS = YES;
				SWIFT_APPROACHABLE_CONCURRENCY = YES;
				SWIFT_EMIT_LOC_STRINGS = YES;
				SWIFT_UPCOMING_FEATURE_MEMBER_IMPORT_VISIBILITY = YES;
				SWIFT_VERSION = 5.0;
				TARGETED_DEVICE_FAMILY = "1,2";
			};
			name = Release;
		};
		2F58F0072EC9C5DF00A38180 /* Debug */ = {
			isa = XCBuildConfiguration;
			buildSettings = {
				ALWAYS_SEARCH_USER_PATHS = NO;
				ASSETCATALOG_COMPILER_GENERATE_SWIFT_ASSET_SYMBOL_EXTENSIONS = YES;
				CLANG_ANALYZER_NONNULL = YES;
				CLANG_ANALYZER_NUMBER_OBJECT_CONVERSION = YES_AGGRESSIVE;
				CLANG_CXX_LANGUAGE_STANDARD = "gnu++20";
				CLANG_ENABLE_MODULES = YES;
				CLANG_ENABLE_OBJC_ARC = YES;
				CLANG_ENABLE_OBJC_WEAK = YES;
				CLANG_WARN_BLOCK_CAPTURE_AUTORELEASING = YES;
				CLANG_WARN_BOOL_CONVERSION = YES;
				CLANG_WARN_COMMA = YES;
				CLANG_WARN_CONSTANT_CONVERSION = YES;
				CLANG_WARN_DEPRECATED_OBJC_IMPLEMENTATIONS = YES;
				CLANG_WARN_DIRECT_OBJC_ISA_USAGE = YES_ERROR;
				CLANG_WARN_DOCUMENTATION_COMMENTS = YES;
				CLANG_WARN_EMPTY_BODY = YES;
				CLANG_WARN_ENUM_CONVERSION = YES;
				CLANG_WARN_INFINITE_RECURSION = YES;
				CLANG_WARN_INT_CONVERSION = YES;
				CLANG_WARN_NON_LITERAL_NULL_CONVERSION = YES;
				CLANG_WARN_OBJC_IMPLICIT_RETAIN_SELF = YES;
				CLANG_WARN_OBJC_LITERAL_CONVERSION = YES;
				CLANG_WARN_OBJC_ROOT_CLASS = YES_ERROR;
				CLANG_WARN_QUOTED_INCLUDE_IN_FRAMEWORK_HEADER = YES;
				CLANG_WARN_RANGE_LOOP_ANALYSIS = YES;
				CLANG_WARN_STRICT_PROTOTYPES = YES;
				CLANG_WARN_SUSPICIOUS_MOVE = YES;
				CLANG_WARN_UNGUARDED_AVAILABILITY = YES_AGGRESSIVE;
				CLANG_WARN_UNREACHABLE_CODE = YES;
				CLANG_WARN__DUPLICATE_METHOD_MATCH = YES;
				COPY_PHASE_STRIP = NO;
				DEBUG_INFORMATION_FORMAT = dwarf;
				ENABLE_STRICT_OBJC_MSGSEND = YES;
				ENABLE_TESTABILITY = YES;
				ENABLE_USER_SCRIPT_SANDBOXING = YES;
				GCC_C_LANGUAGE_STANDARD = gnu17;
				GCC_DYNAMIC_NO_PIC = NO;
				GCC_NO_COMMON_BLOCKS = YES;
				GCC_OPTIMIZATION_LEVEL = 0;
				GCC_PREPROCESSOR_DEFINITIONS = (
					"DEBUG=1",
					"$(inherited)",
				);
				GCC_WARN_64_TO_32_BIT_CONVERSION = YES;
				GCC_WARN_ABOUT_RETURN_TYPE = YES_ERROR;
				GCC_WARN_UNDECLARED_SELECTOR = YES;
				GCC_WARN_UNINITIALIZED_AUTOS = YES_AGGRESSIVE;
				GCC_WARN_UNUSED_FUNCTION = YES;
				GCC_WARN_UNUSED_VARIABLE = YES;
				IPHONEOS_DEPLOYMENT_TARGET = 26.0;
				LOCALIZATION_PREFERS_STRING_CATALOGS = YES;
				MTL_ENABLE_DEBUG_INFO = INCLUDE_SOURCE;
				MTL_FAST_MATH = YES;
				ONLY_ACTIVE_ARCH = YES;
				SDKROOT = iphoneos;
				SWIFT_ACTIVE_COMPILATION_CONDITIONS = "DEBUG $(inherited)";
				SWIFT_EMIT_LOC_STRINGS = YES;
				SWIFT_OPTIMIZATION_LEVEL = "-Onone";
			};
			name = Debug;
		};
		2F58F0082EC9C5DF00A38180 /* Release */ = {
			isa = XCBuildConfiguration;
			buildSettings = {
				ALWAYS_SEARCH_USER_PATHS = NO;
				ASSETCATALOG_COMPILER_GENERATE_SWIFT_ASSET_SYMBOL_EXTENSIONS = YES;
				CLANG_ANALYZER_NONNULL = YES;
				CLANG_ANALYZER_NUMBER_OBJECT_CONVERSION = YES_AGGRESSIVE;
				CLANG_CXX_LANGUAGE_STANDARD = "gnu++20";
				CLANG_ENABLE_MODULES = YES;
				CLANG_ENABLE_OBJC_ARC = YES;
				CLANG_ENABLE_OBJC_WEAK = YES;
				CLANG_WARN_BLOCK_CAPTURE_AUTORELEASING = YES;
				CLANG_WARN_BOOL_CONVERSION = YES;
				CLANG_WARN_COMMA = YES;
				CLANG_WARN_CONSTANT_CONVERSION = YES;
				CLANG_WARN_DEPRECATED_OBJC_IMPLEMENTATIONS = YES;
				CLANG_WARN_DIRECT_OBJC_ISA_USAGE = YES_ERROR;
				CLANG_WARN_DOCUMENTATION_COMMENTS = YES;
				CLANG_WARN_EMPTY_BODY = YES;
				CLANG_WARN_ENUM_CONVERSION = YES;
				CLANG_WARN_INFINITE_RECURSION = YES;
				CLANG_WARN_INT_CONVERSION = YES;
				CLANG_WARN_NON_LITERAL_NULL_CONVERSION = YES;
				CLANG_WARN_OBJC_IMPLICIT_RETAIN_SELF = YES;
				CLANG_WARN_OBJC_LITERAL_CONVERSION = YES;
				CLANG_WARN_OBJC_ROOT_CLASS = YES_ERROR;
				CLANG_WARN_QUOTED_INCLUDE_IN_FRAMEWORK_HEADER = YES;
				CLANG_WARN_RANGE_LOOP_ANALYSIS = YES;
				CLANG_WARN_STRICT_PROTOTYPES = YES;
				CLANG_WARN_SUSPICIOUS_MOVE = YES;
				CLANG_WARN_UNGUARDED_AVAILABILITY = YES_AGGRESSIVE;
				CLANG_WARN_UNREACHABLE_CODE = YES;
				CLANG_WARN__DUPLICATE_METHOD_MATCH = YES;
				COPY_PHASE_STRIP = NO;
				DEBUG_INFORMATION_FORMAT = "dwarf-with-dsym";
				ENABLE_NS_ASSERTIONS = NO;
				ENABLE_STRICT_OBJC_MSGSEND = YES;
				ENABLE_USER_SCRIPT_SANDBOXING = YES;
				GCC_C_LANGUAGE_STANDARD = gnu17;
				GCC_NO_COMMON_BLOCKS = YES;
				GCC_WARN_64_TO_32_BIT_CONVERSION = YES;
				GCC_WARN_ABOUT_RETURN_TYPE = YES_ERROR;
				GCC_WARN_UNDECLARED_SELECTOR = YES;
				GCC_WARN_UNINITIALIZED_AUTOS = YES_AGGRESSIVE;
				GCC_WARN_UNUSED_FUNCTION = YES;
				GCC_WARN_UNUSED_VARIABLE = YES;
				IPHONEOS_DEPLOYMENT_TARGET = 26.0;
				LOCALIZATION_PREFERS_STRING_CATALOGS = YES;
				MTL_ENABLE_DEBUG_INFO = NO;
				MTL_FAST_MATH = YES;
				SDKROOT = iphoneos;
				SWIFT_COMPILATION_MODE = wholemodule;
				SWIFT_EMIT_LOC_STRINGS = YES;
				VALIDATE_PRODUCT = YES;
			};
			name = Release;
		};
		2F58F00A2EC9C5DF00A38180 /* Debug */ = {
			isa = XCBuildConfiguration;
			buildSettings = {
				ASSETCATALOG_COMPILER_APPICON_NAME = AppIcon;
				ASSETCATALOG_COMPILER_GLOBAL_ACCENT_COLOR_NAME = AccentColor;
				CODE_SIGN_ENTITLEMENTS = Block/Block.entitlements;
				CODE_SIGN_STYLE = Automatic;
				CURRENT_PROJECT_VERSION = 1;
				DEVELOPMENT_TEAM = 8FNVWC4DBU;
				ENABLE_PREVIEWS = YES;
				GENERATE_INFOPLIST_FILE = YES;
				INFOPLIST_FILE = Block/Info.plist;
				INFOPLIST_KEY_NFCReaderUsageDescription = "We need NFC scan usage to allow the user to use NFC tags to trigger blocks/unlocks.";
				INFOPLIST_KEY_NSCameraUsageDescription = "Camera ";
				INFOPLIST_KEY_UIApplicationSceneManifest_Generation = YES;
				INFOPLIST_KEY_UIApplicationSupportsIndirectInputEvents = YES;
				INFOPLIST_KEY_UILaunchScreen_Generation = YES;
				INFOPLIST_KEY_UISupportedInterfaceOrientations_iPad = "UIInterfaceOrientationPortrait UIInterfaceOrientationPortraitUpsideDown UIInterfaceOrientationLandscapeLeft UIInterfaceOrientationLandscapeRight";
				INFOPLIST_KEY_UISupportedInterfaceOrientations_iPhone = "UIInterfaceOrientationPortrait UIInterfaceOrientationLandscapeLeft UIInterfaceOrientationLandscapeRight";
				LD_RUNPATH_SEARCH_PATHS = (
					"$(inherited)",
					"@executable_path/Frameworks",
				);
				MARKETING_VERSION = 1.0;
				PRODUCT_BUNDLE_IDENTIFIER = org.normalengineering.Block;
				PRODUCT_NAME = "$(TARGET_NAME)";
				STRING_CATALOG_GENERATE_SYMBOLS = YES;
				SWIFT_APPROACHABLE_CONCURRENCY = YES;
				SWIFT_DEFAULT_ACTOR_ISOLATION = MainActor;
				SWIFT_EMIT_LOC_STRINGS = YES;
				SWIFT_UPCOMING_FEATURE_MEMBER_IMPORT_VISIBILITY = YES;
				SWIFT_VERSION = 5.0;
				TARGETED_DEVICE_FAMILY = "1,2";
			};
			name = Debug;
		};
		2F58F00B2EC9C5DF00A38180 /* Release */ = {
			isa = XCBuildConfiguration;
			buildSettings = {
				ASSETCATALOG_COMPILER_APPICON_NAME = AppIcon;
				ASSETCATALOG_COMPILER_GLOBAL_ACCENT_COLOR_NAME = AccentColor;
				CODE_SIGN_ENTITLEMENTS = Block/Block.entitlements;
				CODE_SIGN_STYLE = Automatic;
				CURRENT_PROJECT_VERSION = 1;
				DEVELOPMENT_TEAM = 8FNVWC4DBU;
				ENABLE_PREVIEWS = YES;
				GENERATE_INFOPLIST_FILE = YES;
				INFOPLIST_FILE = Block/Info.plist;
				INFOPLIST_KEY_NFCReaderUsageDescription = "We need NFC scan usage to allow the user to use NFC tags to trigger blocks/unlocks.";
				INFOPLIST_KEY_NSCameraUsageDescription = "Camera ";
				INFOPLIST_KEY_UIApplicationSceneManifest_Generation = YES;
				INFOPLIST_KEY_UIApplicationSupportsIndirectInputEvents = YES;
				INFOPLIST_KEY_UILaunchScreen_Generation = YES;
				INFOPLIST_KEY_UISupportedInterfaceOrientations_iPad = "UIInterfaceOrientationPortrait UIInterfaceOrientationPortraitUpsideDown UIInterfaceOrientationLandscapeLeft UIInterfaceOrientationLandscapeRight";
				INFOPLIST_KEY_UISupportedInterfaceOrientations_iPhone = "UIInterfaceOrientationPortrait UIInterfaceOrientationLandscapeLeft UIInterfaceOrientationLandscapeRight";
				LD_RUNPATH_SEARCH_PATHS = (
					"$(inherited)",
					"@executable_path/Frameworks",
				);
				MARKETING_VERSION = 1.0;
				PRODUCT_BUNDLE_IDENTIFIER = org.normalengineering.Block;
				PRODUCT_NAME = "$(TARGET_NAME)";
				STRING_CATALOG_GENERATE_SYMBOLS = YES;
				SWIFT_APPROACHABLE_CONCURRENCY = YES;
				SWIFT_DEFAULT_ACTOR_ISOLATION = MainActor;
				SWIFT_EMIT_LOC_STRINGS = YES;
				SWIFT_UPCOMING_FEATURE_MEMBER_IMPORT_VISIBILITY = YES;
				SWIFT_VERSION = 5.0;
				TARGETED_DEVICE_FAMILY = "1,2";
			};
			name = Release;
		};
		2F58F00D2EC9C5DF00A38180 /* Debug */ = {
			isa = XCBuildConfiguration;
			buildSettings = {
				BUNDLE_LOADER = "$(TEST_HOST)";
				CODE_SIGN_STYLE = Automatic;
				CURRENT_PROJECT_VERSION = 1;
				GENERATE_INFOPLIST_FILE = YES;
				IPHONEOS_DEPLOYMENT_TARGET = 26.0;
				MARKETING_VERSION = 1.0;
				PRODUCT_BUNDLE_IDENTIFIER = org.normalengineering.BlockTests;
				PRODUCT_NAME = "$(TARGET_NAME)";
				STRING_CATALOG_GENERATE_SYMBOLS = NO;
				SWIFT_APPROACHABLE_CONCURRENCY = YES;
				SWIFT_EMIT_LOC_STRINGS = NO;
				SWIFT_UPCOMING_FEATURE_MEMBER_IMPORT_VISIBILITY = YES;
				SWIFT_VERSION = 5.0;
				TARGETED_DEVICE_FAMILY = "1,2";
				TEST_HOST = "$(BUILT_PRODUCTS_DIR)/Normal.app/$(BUNDLE_EXECUTABLE_FOLDER_PATH)/Normal";
			};
			name = Debug;
		};
		2F58F00E2EC9C5DF00A38180 /* Release */ = {
			isa = XCBuildConfiguration;
			buildSettings = {
				BUNDLE_LOADER = "$(TEST_HOST)";
				CODE_SIGN_STYLE = Automatic;
				CURRENT_PROJECT_VERSION = 1;
				GENERATE_INFOPLIST_FILE = YES;
				IPHONEOS_DEPLOYMENT_TARGET = 26.0;
				MARKETING_VERSION = 1.0;
				PRODUCT_BUNDLE_IDENTIFIER = org.normalengineering.BlockTests;
				PRODUCT_NAME = "$(TARGET_NAME)";
				STRING_CATALOG_GENERATE_SYMBOLS = NO;
				SWIFT_APPROACHABLE_CONCURRENCY = YES;
				SWIFT_EMIT_LOC_STRINGS = NO;
				SWIFT_UPCOMING_FEATURE_MEMBER_IMPORT_VISIBILITY = YES;
				SWIFT_VERSION = 5.0;
				TARGETED_DEVICE_FAMILY = "1,2";
				TEST_HOST = "$(BUILT_PRODUCTS_DIR)/Normal.app/$(BUNDLE_EXECUTABLE_FOLDER_PATH)/Normal";
			};
			name = Release;
		};
		2F58F0102EC9C5DF00A38180 /* Debug */ = {
			isa = XCBuildConfiguration;
			buildSettings = {
				CODE_SIGN_STYLE = Automatic;
				CURRENT_PROJECT_VERSION = 1;
				GENERATE_INFOPLIST_FILE = YES;
				MARKETING_VERSION = 1.0;
				PRODUCT_BUNDLE_IDENTIFIER = org.normalengineering.BlockUITests;
				PRODUCT_NAME = "$(TARGET_NAME)";
				STRING_CATALOG_GENERATE_SYMBOLS = NO;
				SWIFT_APPROACHABLE_CONCURRENCY = YES;
				SWIFT_EMIT_LOC_STRINGS = NO;
				SWIFT_UPCOMING_FEATURE_MEMBER_IMPORT_VISIBILITY = YES;
				SWIFT_VERSION = 5.0;
				TARGETED_DEVICE_FAMILY = "1,2";
				TEST_TARGET_NAME = Block;
			};
			name = Debug;
		};
		2F58F0112EC9C5DF00A38180 /* Release */ = {
			isa = XCBuildConfiguration;
			buildSettings = {
				CODE_SIGN_STYLE = Automatic;
				CURRENT_PROJECT_VERSION = 1;
				GENERATE_INFOPLIST_FILE = YES;
				MARKETING_VERSION = 1.0;
				PRODUCT_BUNDLE_IDENTIFIER = org.normalengineering.BlockUITests;
				PRODUCT_NAME = "$(TARGET_NAME)";
				STRING_CATALOG_GENERATE_SYMBOLS = NO;
				SWIFT_APPROACHABLE_CONCURRENCY = YES;
				SWIFT_EMIT_LOC_STRINGS = NO;
				SWIFT_UPCOMING_FEATURE_MEMBER_IMPORT_VISIBILITY = YES;
				SWIFT_VERSION = 5.0;
				TARGETED_DEVICE_FAMILY = "1,2";
				TEST_TARGET_NAME = Block;
			};
			name = Release;
		};
/* End XCBuildConfiguration section */

/* Begin XCConfigurationList section */
		2F4718742F5569C90013F94D /* Build configuration list for PBXNativeTarget "NormalMonitor" */ = {
			isa = XCConfigurationList;
			buildConfigurations = (
				2F4718722F5569C90013F94D /* Debug */,
				2F4718732F5569C90013F94D /* Release */,
			);
			defaultConfigurationIsVisible = 0;
			defaultConfigurationName = Release;
		};
		2F58EFE32EC9C5DE00A38180 /* Build configuration list for PBXProject "Normal" */ = {
			isa = XCConfigurationList;
			buildConfigurations = (
				2F58F0072EC9C5DF00A38180 /* Debug */,
				2F58F0082EC9C5DF00A38180 /* Release */,
			);
			defaultConfigurationIsVisible = 0;
			defaultConfigurationName = Release;
		};
		2F58F0092EC9C5DF00A38180 /* Build configuration list for PBXNativeTarget "Normal" */ = {
			isa = XCConfigurationList;
			buildConfigurations = (
				2F58F00A2EC9C5DF00A38180 /* Debug */,
				2F58F00B2EC9C5DF00A38180 /* Release */,
			);
			defaultConfigurationIsVisible = 0;
			defaultConfigurationName = Release;
		};
		2F58F00C2EC9C5DF00A38180 /* Build configuration list for PBXNativeTarget "NormalTests" */ = {
			isa = XCConfigurationList;
			buildConfigurations = (
				2F58F00D2EC9C5DF00A38180 /* Debug */,
				2F58F00E2EC9C5DF00A38180 /* Release */,
			);
			defaultConfigurationIsVisible = 0;
			defaultConfigurationName = Release;
		};
		2F58F00F2EC9C5DF00A38180 /* Build configuration list for PBXNativeTarget "NormalUITests" */ = {
			isa = XCConfigurationList;
			buildConfigurations = (
				2F58F0102EC9C5DF00A38180 /* Debug */,
				2F58F0112EC9C5DF00A38180 /* Release */,
			);
			defaultConfigurationIsVisible = 0;
			defaultConfigurationName = Release;
		};
/* End XCConfigurationList section */
	};
	rootObject = 2F58EFE02EC9C5DE00A38180 /* Project object */;
}
